{
  "name": "m6_myproject",
  "version": "1.0.0",
  "lockfileVersion": 3,
  "requires": true,
  "packages": {
    "": {
      "name": "m6_myproject",
      "version": "1.0.0",
      "license": "ISC",
      "dependencies": {
        "jquery": "^3.7.1",
        "jquery-parallax.js": "^1.5.0",
        "swiper": "^11.2.6"
      }
    },
    "node_modules/jquery": {
      "version": "3.7.1",
      "resolved": "https://registry.npmjs.org/jquery/-/jquery-3.7.1.tgz",
      "integrity": "sha512-m4avr8yL8kmFN8psrbFFFmB/If14iN5o9nw/NgnnM+kybDJpRsAynV2BsfpTYrTRysYUdADVD7CkUUizgkpLfg==",
      "license": "MIT"
    },
    "node_modules/jquery-parallax.js": {
      "version": "1.5.0",
      "resolved": "https://registry.npmjs.org/jquery-parallax.js/-/jquery-parallax.js-1.5.0.tgz",
      "integrity": "sha512-+SyyADkSloW92ZbqJ53yT8M+36GLI+SFOM32q3NeScEJ32u+YCxrDCmpdZmBjrUcJ/CFYuaq9fRwvhfE5u75ew==",
      "license": "MIT",
      "dependencies": {
        "jquery": ">=1.7"
      }
    },
    "node_modules/swiper": {
      "version": "11.2.6",
      "resolved": "https://registry.npmjs.org/swiper/-/swiper-11.2.6.tgz",
      "integrity": "sha512-8aXpYKtjy3DjcbzZfz+/OX/GhcU5h+looA6PbAzHMZT6ESSycSp9nAjPCenczgJyslV+rUGse64LMGpWE3PX9Q==",
      "funding": [
        {
          "type": "patreon",
          "url": "https://www.patreon.com/swiperjs"
        },
        {
          "type": "open_collective",
          "url": "http://opencollective.com/swiper"
        }
      ],
      "license": "MIT",
      "engines": {
        "node": ">= 4.7.0"
      }
    }
  }
}
